
Microsoft Visual Studio Solution File, Format Version 12.00
# Visual Studio Version 17
VisualStudioVersion = 17.9.34607.119
MinimumVisualStudioVersion = 10.0.40219.1
Project("{FAE04EC0-301F-11D3-BF4B-00C04F79EFBC}") = "Aula23", "Aula23\Aula23.csproj", "{5E39B1E7-AA5D-48AD-A622-06A0B63449DD}"
EndProject
Global
	GlobalSection(SolutionConfigurationPlatforms) = preSolution
		Debug|Any CPU = Debug|Any CPU
		Release|Any CPU = Release|Any CPU
	EndGlobalSection
	GlobalSection(ProjectConfigurationPlatforms) = postSolution
		{5E39B1E7-AA5D-48AD-A622-06A0B63449DD}.Debug|Any CPU.ActiveCfg = Debug|Any CPU
		{5E39B1E7-AA5D-48AD-A622-06A0B63449DD}.Debug|Any CPU.Build.0 = Debug|Any CPU
		{5E39B1E7-AA5D-48AD-A622-06A0B63449DD}.Release|Any CPU.ActiveCfg = Release|Any CPU
		{5E39B1E7-AA5D-48AD-A622-06A0B63449DD}.Release|Any CPU.Build.0 = Release|Any CPU
	EndGlobalSection
	GlobalSection(SolutionProperties) = preSolution
		HideSolutionNode = FALSE
	EndGlobalSection
	GlobalSection(ExtensibilityGlobals) = postSolution
		SolutionGuid = {E3A3B264-95C3-495D-BA9D-D889B14CD875}
	EndGlobalSection
EndGlobal
