
Microsoft Visual Studio Solution File, Format Version 12.00
# Visual Studio Version 17
VisualStudioVersion = 17.9.34607.119
MinimumVisualStudioVersion = 10.0.40219.1
Project("{FAE04EC0-301F-11D3-BF4B-00C04F79EFBC}") = "Aula18", "Aula18\Aula18.csproj", "{2D777152-F7BF-4EA9-A925-71C71211CEA0}"
EndProject
Global
	GlobalSection(SolutionConfigurationPlatforms) = preSolution
		Debug|Any CPU = Debug|Any CPU
		Release|Any CPU = Release|Any CPU
	EndGlobalSection
	GlobalSection(ProjectConfigurationPlatforms) = postSolution
		{2D777152-F7BF-4EA9-A925-71C71211CEA0}.Debug|Any CPU.ActiveCfg = Debug|Any CPU
		{2D777152-F7BF-4EA9-A925-71C71211CEA0}.Debug|Any CPU.Build.0 = Debug|Any CPU
		{2D777152-F7BF-4EA9-A925-71C71211CEA0}.Release|Any CPU.ActiveCfg = Release|Any CPU
		{2D777152-F7BF-4EA9-A925-71C71211CEA0}.Release|Any CPU.Build.0 = Release|Any CPU
	EndGlobalSection
	GlobalSection(SolutionProperties) = preSolution
		HideSolutionNode = FALSE
	EndGlobalSection
	GlobalSection(ExtensibilityGlobals) = postSolution
		SolutionGuid = {884CB838-9C17-40C8-BB81-470C0C3F4EE3}
	EndGlobalSection
EndGlobal
