
Microsoft Visual Studio Solution File, Format Version 12.00
# Visual Studio Version 17
VisualStudioVersion = 17.7.34202.233
MinimumVisualStudioVersion = 10.0.40219.1
Project("{FAE04EC0-301F-11D3-BF4B-00C04F79EFBC}") = "Aula21", "Aula21\Aula21.csproj", "{8AAD7594-B172-489F-927F-D1ED0A7AB31E}"
EndProject
Global
	GlobalSection(SolutionConfigurationPlatforms) = preSolution
		Debug|Any CPU = Debug|Any CPU
		Release|Any CPU = Release|Any CPU
	EndGlobalSection
	GlobalSection(ProjectConfigurationPlatforms) = postSolution
		{8AAD7594-B172-489F-927F-D1ED0A7AB31E}.Debug|Any CPU.ActiveCfg = Debug|Any CPU
		{8AAD7594-B172-489F-927F-D1ED0A7AB31E}.Debug|Any CPU.Build.0 = Debug|Any CPU
		{8AAD7594-B172-489F-927F-D1ED0A7AB31E}.Release|Any CPU.ActiveCfg = Release|Any CPU
		{8AAD7594-B172-489F-927F-D1ED0A7AB31E}.Release|Any CPU.Build.0 = Release|Any CPU
	EndGlobalSection
	GlobalSection(SolutionProperties) = preSolution
		HideSolutionNode = FALSE
	EndGlobalSection
	GlobalSection(ExtensibilityGlobals) = postSolution
		SolutionGuid = {E701A580-7DC5-4BCC-9468-D42DE9AA68A4}
	EndGlobalSection
EndGlobal
